
Microsoft Visual Studio Solution File, Format Version 12.00
# Visual Studio 2012
Project("{FAE04EC0-301F-11D3-BF4B-00C04F79EFBC}") = "MusicClassificationAlgorithm", "MusicClassificationAlgotihm\MusicClassificationAlgorithm.csproj", "{966C023B-DD79-4DEF-BA11-28FA58D7935B}"
EndProject
Project("{FAE04EC0-301F-11D3-BF4B-00C04F79EFBC}") = "MusicClassificationBL", "MusicClassificationBL\MusicClassificationBL.csproj", "{0684D058-4D00-4002-BF14-DB610995C07B}"
EndProject
Project("{FAE04EC0-301F-11D3-BF4B-00C04F79EFBC}") = "MusicClassificationConsole", "MusicClassificationConsole\MusicClassificationConsole.csproj", "{10A319E9-349F-4A92-8270-0E28C2A2D747}"
EndProject
Project("{FAE04EC0-301F-11D3-BF4B-00C04F79EFBC}") = "MusicClassificationGui", "GUI\WpfApplication3\WpfApplication3\MusicClassificationGui.csproj", "{9CB7A71C-F5CD-45F4-AFBF-23CF5F9113B0}"
EndProject
Global
	GlobalSection(SolutionConfigurationPlatforms) = preSolution
		Debug|Any CPU = Debug|Any CPU
		Release|Any CPU = Release|Any CPU
	EndGlobalSection
	GlobalSection(ProjectConfigurationPlatforms) = postSolution
		{966C023B-DD79-4DEF-BA11-28FA58D7935B}.Debug|Any CPU.ActiveCfg = Debug|Any CPU
		{966C023B-DD79-4DEF-BA11-28FA58D7935B}.Debug|Any CPU.Build.0 = Debug|Any CPU
		{966C023B-DD79-4DEF-BA11-28FA58D7935B}.Release|Any CPU.ActiveCfg = Release|Any CPU
		{966C023B-DD79-4DEF-BA11-28FA58D7935B}.Release|Any CPU.Build.0 = Release|Any CPU
		{0684D058-4D00-4002-BF14-DB610995C07B}.Debug|Any CPU.ActiveCfg = Debug|Any CPU
		{0684D058-4D00-4002-BF14-DB610995C07B}.Debug|Any CPU.Build.0 = Debug|Any CPU
		{0684D058-4D00-4002-BF14-DB610995C07B}.Release|Any CPU.ActiveCfg = Release|Any CPU
		{0684D058-4D00-4002-BF14-DB610995C07B}.Release|Any CPU.Build.0 = Release|Any CPU
		{10A319E9-349F-4A92-8270-0E28C2A2D747}.Debug|Any CPU.ActiveCfg = Debug|Any CPU
		{10A319E9-349F-4A92-8270-0E28C2A2D747}.Debug|Any CPU.Build.0 = Debug|Any CPU
		{10A319E9-349F-4A92-8270-0E28C2A2D747}.Release|Any CPU.ActiveCfg = Release|Any CPU
		{10A319E9-349F-4A92-8270-0E28C2A2D747}.Release|Any CPU.Build.0 = Release|Any CPU
		{9CB7A71C-F5CD-45F4-AFBF-23CF5F9113B0}.Debug|Any CPU.ActiveCfg = Debug|Any CPU
		{9CB7A71C-F5CD-45F4-AFBF-23CF5F9113B0}.Debug|Any CPU.Build.0 = Debug|Any CPU
		{9CB7A71C-F5CD-45F4-AFBF-23CF5F9113B0}.Release|Any CPU.ActiveCfg = Release|Any CPU
		{9CB7A71C-F5CD-45F4-AFBF-23CF5F9113B0}.Release|Any CPU.Build.0 = Release|Any CPU
	EndGlobalSection
	GlobalSection(SolutionProperties) = preSolution
		HideSolutionNode = FALSE
	EndGlobalSection
EndGlobal
