
Microsoft Visual Studio Solution File, Format Version 11.00
# Visual Studio 2010
Project("{FAE04EC0-301F-11D3-BF4B-00C04F79EFBC}") = "WpfApplication3", "WpfApplication3\WpfApplication3.csproj", "{9cb7a71c-f5cd-45f4-afbf-23cf5f9113b0}"
EndProject
Global
	GlobalSection(SolutionConfigurationPlatforms) = preSolution
		Debug|Any CPU = Debug|Any CPU
		Release|Any CPU = Release|Any CPU
	EndGlobalSection
	GlobalSection(ProjectConfigurationPlatforms) = postSolution
		{9CB7A71C-F5CD-45F4-AFBF-23CF5F9113B0}.Debug|Any CPU.ActiveCfg = Debug|Any CPU
		{9CB7A71C-F5CD-45F4-AFBF-23CF5F9113B0}.Debug|Any CPU.Build.0 = Debug|Any CPU
		{9CB7A71C-F5CD-45F4-AFBF-23CF5F9113B0}.Release|Any CPU.ActiveCfg = Release|Any CPU
		{9CB7A71C-F5CD-45F4-AFBF-23CF5F9113B0}.Release|Any CPU.Build.0 = Release|Any CPU
	EndGlobalSection
EndGlobal
